
Microsoft Visual Studio Solution File, Format Version 12.00
# Visual Studio Version 16
VisualStudioVersion = 16.0.29201.188
MinimumVisualStudioVersion = 10.0.40219.1
Project("{9A19103F-16F7-4668-BE54-9A1E7A4F7556}") = "H.EF.Core", "H.EF.Core\H.EF.Core.csproj", "{5642E77F-AA68-47FE-AEB0-78F4116EEF2B}"
EndProject
Project("{9A19103F-16F7-4668-BE54-9A1E7A4F7556}") = "WebApi", "WebApi\WebApi.csproj", "{E493D0C8-C754-4A03-85F2-2FECA0516BEA}"
EndProject
Project("{FAE04EC0-301F-11D3-BF4B-00C04F79EFBC}") = "Videos", "Videos\Videos\Videos.csproj", "{0AC6E346-1E8C-48EA-9A65-B8FEEF5A9E4C}"
EndProject
Global
	GlobalSection(SolutionConfigurationPlatforms) = preSolution
		Debug|Any CPU = Debug|Any CPU
		Release|Any CPU = Release|Any CPU
	EndGlobalSection
	GlobalSection(ProjectConfigurationPlatforms) = postSolution
		{5642E77F-AA68-47FE-AEB0-78F4116EEF2B}.Debug|Any CPU.ActiveCfg = Debug|Any CPU
		{5642E77F-AA68-47FE-AEB0-78F4116EEF2B}.Debug|Any CPU.Build.0 = Debug|Any CPU
		{5642E77F-AA68-47FE-AEB0-78F4116EEF2B}.Release|Any CPU.ActiveCfg = Release|Any CPU
		{5642E77F-AA68-47FE-AEB0-78F4116EEF2B}.Release|Any CPU.Build.0 = Release|Any CPU
		{E493D0C8-C754-4A03-85F2-2FECA0516BEA}.Debug|Any CPU.ActiveCfg = Debug|Any CPU
		{E493D0C8-C754-4A03-85F2-2FECA0516BEA}.Debug|Any CPU.Build.0 = Debug|Any CPU
		{E493D0C8-C754-4A03-85F2-2FECA0516BEA}.Release|Any CPU.ActiveCfg = Release|Any CPU
		{E493D0C8-C754-4A03-85F2-2FECA0516BEA}.Release|Any CPU.Build.0 = Release|Any CPU
		{0AC6E346-1E8C-48EA-9A65-B8FEEF5A9E4C}.Debug|Any CPU.ActiveCfg = Debug|Any CPU
		{0AC6E346-1E8C-48EA-9A65-B8FEEF5A9E4C}.Debug|Any CPU.Build.0 = Debug|Any CPU
		{0AC6E346-1E8C-48EA-9A65-B8FEEF5A9E4C}.Release|Any CPU.ActiveCfg = Release|Any CPU
		{0AC6E346-1E8C-48EA-9A65-B8FEEF5A9E4C}.Release|Any CPU.Build.0 = Release|Any CPU
	EndGlobalSection
	GlobalSection(SolutionProperties) = preSolution
		HideSolutionNode = FALSE
	EndGlobalSection
	GlobalSection(ExtensibilityGlobals) = postSolution
		SolutionGuid = {3EFA8B2A-385A-43C9-9F7C-A47C3487788E}
	EndGlobalSection
EndGlobal
